
Microsoft Visual Studio Solution File, Format Version 12.00
# Visual Studio Version 17
VisualStudioVersion = 17.4.33213.308
MinimumVisualStudioVersion = 10.0.40219.1
Project("{FAE04EC0-301F-11D3-BF4B-00C04F79EFBC}") = "Convert Temperature", "Convert Temperature.csproj", "{91054DBA-387B-4C58-A527-A047BA26D29E}"
EndProject
Global
	GlobalSection(SolutionConfigurationPlatforms) = preSolution
		Debug|Any CPU = Debug|Any CPU
		Release|Any CPU = Release|Any CPU
	EndGlobalSection
	GlobalSection(ProjectConfigurationPlatforms) = postSolution
		{91054DBA-387B-4C58-A527-A047BA26D29E}.Debug|Any CPU.ActiveCfg = Debug|Any CPU
		{91054DBA-387B-4C58-A527-A047BA26D29E}.Debug|Any CPU.Build.0 = Debug|Any CPU
		{91054DBA-387B-4C58-A527-A047BA26D29E}.Release|Any CPU.ActiveCfg = Release|Any CPU
		{91054DBA-387B-4C58-A527-A047BA26D29E}.Release|Any CPU.Build.0 = Release|Any CPU
	EndGlobalSection
	GlobalSection(SolutionProperties) = preSolution
		HideSolutionNode = FALSE
	EndGlobalSection
	GlobalSection(ExtensibilityGlobals) = postSolution
		SolutionGuid = {24CF5D55-007F-45AF-92FF-55D90B787206}
	EndGlobalSection
EndGlobal
